
Microsoft Visual Studio Solution File, Format Version 12.00
# Visual Studio 14
VisualStudioVersion = 14.0.25420.1
MinimumVisualStudioVersion = 10.0.40219.1
Project("{8BC9CEB8-8B4A-11D0-8D11-00A0C91BC942}") = "myoculus3_euler_loop", "myoculus3_euler_loop\myoculus3_euler_loop.vcxproj", "{BC1973B9-583B-48F9-99C8-209AFFD63A89}"
EndProject
Global
	GlobalSection(SolutionConfigurationPlatforms) = preSolution
		Debug|x64 = Debug|x64
		Debug|x86 = Debug|x86
		Release|x64 = Release|x64
		Release|x86 = Release|x86
	EndGlobalSection
	GlobalSection(ProjectConfigurationPlatforms) = postSolution
		{BC1973B9-583B-48F9-99C8-209AFFD63A89}.Debug|x64.ActiveCfg = Debug|x64
		{BC1973B9-583B-48F9-99C8-209AFFD63A89}.Debug|x64.Build.0 = Debug|x64
		{BC1973B9-583B-48F9-99C8-209AFFD63A89}.Debug|x86.ActiveCfg = Debug|Win32
		{BC1973B9-583B-48F9-99C8-209AFFD63A89}.Debug|x86.Build.0 = Debug|Win32
		{BC1973B9-583B-48F9-99C8-209AFFD63A89}.Release|x64.ActiveCfg = Release|x64
		{BC1973B9-583B-48F9-99C8-209AFFD63A89}.Release|x64.Build.0 = Release|x64
		{BC1973B9-583B-48F9-99C8-209AFFD63A89}.Release|x86.ActiveCfg = Release|Win32
		{BC1973B9-583B-48F9-99C8-209AFFD63A89}.Release|x86.Build.0 = Release|Win32
	EndGlobalSection
	GlobalSection(SolutionProperties) = preSolution
		HideSolutionNode = FALSE
	EndGlobalSection
EndGlobal
